// !$*UTF8*$!
{
	archiveVersion = 1;
	classes = {
	};
	objectVersion = 56;
	objects = {

/* Begin PBXBuildFile section */
		9289537028EF29CE00EC9BFA /* AppDelegate.swift in Sources */ = {isa = PBXBuildFile; fileRef = 9289536F28EF29CE00EC9BFA /* AppDelegate.swift */; };
		9289537228EF29CE00EC9BFA /* SceneDelegate.swift in Sources */ = {isa = PBXBuildFile; fileRef = 9289537128EF29CE00EC9BFA /* SceneDelegate.swift */; };
		9289537428EF29CE00EC9BFA /* ViewController.swift in Sources */ = {isa = PBXBuildFile; fileRef = 9289537328EF29CE00EC9BFA /* ViewController.swift */; };
		9289537728EF29CE00EC9BFA /* Main.storyboard in Resources */ = {isa = PBXBuildFile; fileRef = 9289537528EF29CE00EC9BFA /* Main.storyboard */; };
		9289537928EF29CF00EC9BFA /* Assets.xcassets in Resources */ = {isa = PBXBuildFile; fileRef = 9289537828EF29CF00EC9BFA /* Assets.xcassets */; };
		9289537C28EF29CF00EC9BFA /* LaunchScreen.storyboard in Resources */ = {isa = PBXBuildFile; fileRef = 9289537A28EF29CF00EC9BFA /* LaunchScreen.storyboard */; };
		9289538728EF29CF00EC9BFA /* LoginTests.swift in Sources */ = {isa = PBXBuildFile; fileRef = 9289538628EF29CF00EC9BFA /* LoginTests.swift */; };
		9289539128EF29CF00EC9BFA /* LoginUITests.swift in Sources */ = {isa = PBXBuildFile; fileRef = 9289539028EF29CF00EC9BFA /* LoginUITests.swift */; };
		9289539328EF29CF00EC9BFA /* LoginUITestsLaunchTests.swift in Sources */ = {isa = PBXBuildFile; fileRef = 9289539228EF29CF00EC9BFA /* LoginUITestsLaunchTests.swift */; };
/* End PBXBuildFile section */

/* Begin PBXContainerItemProxy section */
		9289538328EF29CF00EC9BFA /* PBXContainerItemProxy */ = {
			isa = PBXContainerItemProxy;
			containerPortal = 9289536428EF29CE00EC9BFA /* Project object */;
			proxyType = 1;
			remoteGlobalIDString = 9289536B28EF29CE00EC9BFA;
			remoteInfo = Login;
		};
		9289538D28EF29CF00EC9BFA /* PBXContainerItemProxy */ = {
			isa = PBXContainerItemProxy;
			containerPortal = 9289536428EF29CE00EC9BFA /* Project object */;
			proxyType = 1;
			remoteGlobalIDString = 9289536B28EF29CE00EC9BFA;
			remoteInfo = Login;
		};
/* End PBXContainerItemProxy section */

/* Begin PBXFileReference section */
		9289536C28EF29CE00EC9BFA /* Login.app */ = {isa = PBXFileReference; explicitFileType = wrapper.application; includeInIndex = 0; path = Login.app; sourceTree = BUILT_PRODUCTS_DIR; };
		9289536F28EF29CE00EC9BFA /* AppDelegate.swift */ = {isa = PBXFileReference; lastKnownFileType = sourcecode.swift; path = AppDelegate.swift; sourceTree = "<group>"; };
		9289537128EF29CE00EC9BFA /* SceneDelegate.swift */ = {isa = PBXFileReference; lastKnownFileType = sourcecode.swift; path = SceneDelegate.swift; sourceTree = "<group>"; };
		9289537328EF29CE00EC9BFA /* ViewController.swift */ = {isa = PBXFileReference; lastKnownFileType = sourcecode.swift; path = ViewController.swift; sourceTree = "<group>"; };
		9289537628EF29CE00EC9BFA /* Base */ = {isa = PBXFileReference; lastKnownFileType = file.storyboard; name = Base; path = Base.lproj/Main.storyboard; sourceTree = "<group>"; };
		9289537828EF29CF00EC9BFA /* Assets.xcassets */ = {isa = PBXFileReference; lastKnownFileType = folder.assetcatalog; path = Assets.xcassets; sourceTree = "<group>"; };
		9289537B28EF29CF00EC9BFA /* Base */ = {isa = PBXFileReference; lastKnownFileType = file.storyboard; name = Base; path = Base.lproj/LaunchScreen.storyboard; sourceTree = "<group>"; };
		9289537D28EF29CF00EC9BFA /* Info.plist */ = {isa = PBXFileReference; lastKnownFileType = text.plist.xml; path = Info.plist; sourceTree = "<group>"; };
		9289538228EF29CF00EC9BFA /* LoginTests.xctest */ = {isa = PBXFileReference; explicitFileType = wrapper.cfbundle; includeInIndex = 0; path = LoginTests.xctest; sourceTree = BUILT_PRODUCTS_DIR; };
		9289538628EF29CF00EC9BFA /* LoginTests.swift */ = {isa = PBXFileReference; lastKnownFileType = sourcecode.swift; path = LoginTests.swift; sourceTree = "<group>"; };
		9289538C28EF29CF00EC9BFA /* LoginUITests.xctest */ = {isa = PBXFileReference; explicitFileType = wrapper.cfbundle; includeInIndex = 0; path = LoginUITests.xctest; sourceTree = BUILT_PRODUCTS_DIR; };
		9289539028EF29CF00EC9BFA /* LoginUITests.swift */ = {isa = PBXFileReference; lastKnownFileType = sourcecode.swift; path = LoginUITests.swift; sourceTree = "<group>"; };
		9289539228EF29CF00EC9BFA /* LoginUITestsLaunchTests.swift */ = {isa = PBXFileReference; lastKnownFileType = sourcecode.swift; path = LoginUITestsLaunchTests.swift; sourceTree = "<group>"; };
/* End PBXFileReference section */

/* Begin PBXFrameworksBuildPhase section */
		9289536928EF29CE00EC9BFA /* Frameworks */ = {
			isa = PBXFrameworksBuildPhase;
			buildActionMask = 2147483647;
			files = (
			);
			runOnlyForDeploymentPostprocessing = 0;
		};
		9289537F28EF29CF00EC9BFA /* Frameworks */ = {
			isa = PBXFrameworksBuildPhase;
			buildActionMask = 2147483647;
			files = (
			);
			runOnlyForDeploymentPostprocessing = 0;
		};
		9289538928EF29CF00EC9BFA /* Frameworks */ = {
			isa = PBXFrameworksBuildPhase;
			buildActionMask = 2147483647;
			files = (
			);
			runOnlyForDeploymentPostprocessing = 0;
		};
/* End PBXFrameworksBuildPhase section */

/* Begin PBXGroup section */
		9289536328EF29CE00EC9BFA = {
			isa = PBXGroup;
			children = (
				9289536E28EF29CE00EC9BFA /* Login */,
				9289538528EF29CF00EC9BFA /* LoginTests */,
				9289538F28EF29CF00EC9BFA /* LoginUITests */,
				9289536D28EF29CE00EC9BFA /* Products */,
			);
			sourceTree = "<group>";
		};
		9289536D28EF29CE00EC9BFA /* Products */ = {
			isa = PBXGroup;
			children = (
				9289536C28EF29CE00EC9BFA /* Login.app */,
				9289538228EF29CF00EC9BFA /* LoginTests.xctest */,
				9289538C28EF29CF00EC9BFA /* LoginUITests.xctest */,
			);
			name = Products;
			sourceTree = "<group>";
		};
		9289536E28EF29CE00EC9BFA /* Login */ = {
			isa = PBXGroup;
			children = (
				9289536F28EF29CE00EC9BFA /* AppDelegate.swift */,
				9289537128EF29CE00EC9BFA /* SceneDelegate.swift */,
				9289537328EF29CE00EC9BFA /* ViewController.swift */,
				9289537528EF29CE00EC9BFA /* Main.storyboard */,
				9289537828EF29CF00EC9BFA /* Assets.xcassets */,
				9289537A28EF29CF00EC9BFA /* LaunchScreen.storyboard */,
				9289537D28EF29CF00EC9BFA /* Info.plist */,
			);
			path = Login;
			sourceTree = "<group>";
		};
		9289538528EF29CF00EC9BFA /* LoginTests */ = {
			isa = PBXGroup;
			children = (
				9289538628EF29CF00EC9BFA /* LoginTests.swift */,
			);
			path = LoginTests;
			sourceTree = "<group>";
		};
		9289538F28EF29CF00EC9BFA /* LoginUITests */ = {
			isa = PBXGroup;
			children = (
				9289539028EF29CF00EC9BFA /* LoginUITests.swift */,
				9289539228EF29CF00EC9BFA /* LoginUITestsLaunchTests.swift */,
			);
			path = LoginUITests;
			sourceTree = "<group>";
		};
/* End PBXGroup section */

/* Begin PBXNativeTarget section */
		9289536B28EF29CE00EC9BFA /* Login */ = {
			isa = PBXNativeTarget;
			buildConfigurationList = 9289539628EF29CF00EC9BFA /* Build configuration list for PBXNativeTarget "Login" */;
			buildPhases = (
				9289536828EF29CE00EC9BFA /* Sources */,
				9289536928EF29CE00EC9BFA /* Frameworks */,
				9289536A28EF29CE00EC9BFA /* Resources */,
			);
			buildRules = (
			);
			dependencies = (
			);
			name = Login;
			productName = Login;
			productReference = 9289536C28EF29CE00EC9BFA /* Login.app */;
			productType = "com.apple.product-type.application";
		};
		9289538128EF29CF00EC9BFA /* LoginTests */ = {
			isa = PBXNativeTarget;
			buildConfigurationList = 9289539928EF29CF00EC9BFA /* Build configuration list for PBXNativeTarget "LoginTests" */;
			buildPhases = (
				9289537E28EF29CF00EC9BFA /* Sources */,
				9289537F28EF29CF00EC9BFA /* Frameworks */,
				9289538028EF29CF00EC9BFA /* Resources */,
			);
			buildRules = (
			);
			dependencies = (
				9289538428EF29CF00EC9BFA /* PBXTargetDependency */,
			);
			name = LoginTests;
			productName = LoginTests;
			productReference = 9289538228EF29CF00EC9BFA /* LoginTests.xctest */;
			productType = "com.apple.product-type.bundle.unit-test";
		};
		9289538B28EF29CF00EC9BFA /* LoginUITests */ = {
			isa = PBXNativeTarget;
			buildConfigurationList = 9289539C28EF29CF00EC9BFA /* Build configuration list for PBXNativeTarget "LoginUITests" */;
			buildPhases = (
				9289538828EF29CF00EC9BFA /* Sources */,
				9289538928EF29CF00EC9BFA /* Frameworks */,
				9289538A28EF29CF00EC9BFA /* Resources */,
			);
			buildRules = (
			);
			dependencies = (
				9289538E28EF29CF00EC9BFA /* PBXTargetDependency */,
			);
			name = LoginUITests;
			productName = LoginUITests;
			productReference = 9289538C28EF29CF00EC9BFA /* LoginUITests.xctest */;
			productType = "com.apple.product-type.bundle.ui-testing";
		};
/* End PBXNativeTarget section */

/* Begin PBXProject section */
		9289536428EF29CE00EC9BFA /* Project object */ = {
			isa = PBXProject;
			attributes = {
				BuildIndependentTargetsInParallel = 1;
				LastSwiftUpdateCheck = 1400;
				LastUpgradeCheck = 1400;
				TargetAttributes = {
					9289536B28EF29CE00EC9BFA = {
						CreatedOnToolsVersion = 14.0.1;
					};
					9289538128EF29CF00EC9BFA = {
						CreatedOnToolsVersion = 14.0.1;
						TestTargetID = 9289536B28EF29CE00EC9BFA;
					};
					9289538B28EF29CF00EC9BFA = {
						CreatedOnToolsVersion = 14.0.1;
						TestTargetID = 9289536B28EF29CE00EC9BFA;
					};
				};
			};
			buildConfigurationList = 9289536728EF29CE00EC9BFA /* Build configuration list for PBXProject "Login" */;
			compatibilityVersion = "Xcode 14.0";
			developmentRegion = en;
			hasScannedForEncodings = 0;
			knownRegions = (
				en,
				Base,
			);
			mainGroup = 9289536328EF29CE00EC9BFA;
			productRefGroup = 9289536D28EF29CE00EC9BFA /* Products */;
			projectDirPath = "";
			projectRoot = "";
			targets = (
				9289536B28EF29CE00EC9BFA /* Login */,
				9289538128EF29CF00EC9BFA /* LoginTests */,
				9289538B28EF29CF00EC9BFA /* LoginUITests */,
			);
		};
/* End PBXProject section */

/* Begin PBXResourcesBuildPhase section */
		9289536A28EF29CE00EC9BFA /* Resources */ = {
			isa = PBXResourcesBuildPhase;
			buildActionMask = 2147483647;
			files = (
				9289537C28EF29CF00EC9BFA /* LaunchScreen.storyboard in Resources */,
				9289537928EF29CF00EC9BFA /* Assets.xcassets in Resources */,
				9289537728EF29CE00EC9BFA /* Main.storyboard in Resources */,
			);
			runOnlyForDeploymentPostprocessing = 0;
		};
		9289538028EF29CF00EC9BFA /* Resources */ = {
			isa = PBXResourcesBuildPhase;
			buildActionMask = 2147483647;
			files = (
			);
			runOnlyForDeploymentPostprocessing = 0;
		};
		9289538A28EF29CF00EC9BFA /* Resources */ = {
			isa = PBXResourcesBuildPhase;
			buildActionMask = 2147483647;
			files = (
			);
			runOnlyForDeploymentPostprocessing = 0;
		};
/* End PBXResourcesBuildPhase section */

/* Begin PBXSourcesBuildPhase section */
		9289536828EF29CE00EC9BFA /* Sources */ = {
			isa = PBXSourcesBuildPhase;
			buildActionMask = 2147483647;
			files = (
				9289537428EF29CE00EC9BFA /* ViewController.swift in Sources */,
				9289537028EF29CE00EC9BFA /* AppDelegate.swift in Sources */,
				9289537228EF29CE00EC9BFA /* SceneDelegate.swift in Sources */,
			);
			runOnlyForDeploymentPostprocessing = 0;
		};
		9289537E28EF29CF00EC9BFA /* Sources */ = {
			isa = PBXSourcesBuildPhase;
			buildActionMask = 2147483647;
			files = (
				9289538728EF29CF00EC9BFA /* LoginTests.swift in Sources */,
			);
			runOnlyForDeploymentPostprocessing = 0;
		};
		9289538828EF29CF00EC9BFA /* Sources */ = {
			isa = PBXSourcesBuildPhase;
			buildActionMask = 2147483647;
			files = (
				9289539328EF29CF00EC9BFA /* LoginUITestsLaunchTests.swift in Sources */,
				9289539128EF29CF00EC9BFA /* LoginUITests.swift in Sources */,
			);
			runOnlyForDeploymentPostprocessing = 0;
		};
/* End PBXSourcesBuildPhase section */

/* Begin PBXTargetDependency section */
		9289538428EF29CF00EC9BFA /* PBXTargetDependency */ = {
			isa = PBXTargetDependency;
			target = 9289536B28EF29CE00EC9BFA /* Login */;
			targetProxy = 9289538328EF29CF00EC9BFA /* PBXContainerItemProxy */;
		};
		9289538E28EF29CF00EC9BFA /* PBXTargetDependency */ = {
			isa = PBXTargetDependency;
			target = 9289536B28EF29CE00EC9BFA /* Login */;
			targetProxy = 9289538D28EF29CF00EC9BFA /* PBXContainerItemProxy */;
		};
/* End PBXTargetDependency section */

/* Begin PBXVariantGroup section */
		9289537528EF29CE00EC9BFA /* Main.storyboard */ = {
			isa = PBXVariantGroup;
			children = (
				9289537628EF29CE00EC9BFA /* Base */,
			);
			name = Main.storyboard;
			sourceTree = "<group>";
		};
		9289537A28EF29CF00EC9BFA /* LaunchScreen.storyboard */ = {
			isa = PBXVariantGroup;
			children = (
				9289537B28EF29CF00EC9BFA /* Base */,
			);
			name = LaunchScreen.storyboard;
			sourceTree = "<group>";
		};
/* End PBXVariantGroup section */

/* Begin XCBuildConfiguration section */
		9289539428EF29CF00EC9BFA /* Debug */ = {
			isa = XCBuildConfiguration;
			buildSettings = {
				ALWAYS_SEARCH_USER_PATHS = NO;
				CLANG_ANALYZER_NONNULL = YES;
				CLANG_ANALYZER_NUMBER_OBJECT_CONVERSION = YES_AGGRESSIVE;
				CLANG_CXX_LANGUAGE_STANDARD = "gnu++20";
				CLANG_ENABLE_MODULES = YES;
				CLANG_ENABLE_OBJC_ARC = YES;
				CLANG_ENABLE_OBJC_WEAK = YES;
				CLANG_WARN_BLOCK_CAPTURE_AUTORELEASING = YES;
				CLANG_WARN_BOOL_CONVERSION = YES;
				CLANG_WARN_COMMA = YES;
				CLANG_WARN_CONSTANT_CONVERSION = YES;
				CLANG_WARN_DEPRECATED_OBJC_IMPLEMENTATIONS = YES;
				CLANG_WARN_DIRECT_OBJC_ISA_USAGE = YES_ERROR;
				CLANG_WARN_DOCUMENTATION_COMMENTS = YES;
				CLANG_WARN_EMPTY_BODY = YES;
				CLANG_WARN_ENUM_CONVERSION = YES;
				CLANG_WARN_INFINITE_RECURSION = YES;
				CLANG_WARN_INT_CONVERSION = YES;
				CLANG_WARN_NON_LITERAL_NULL_CONVERSION = YES;
				CLANG_WARN_OBJC_IMPLICIT_RETAIN_SELF = YES;
				CLANG_WARN_OBJC_LITERAL_CONVERSION = YES;
				CLANG_WARN_OBJC_ROOT_CLASS = YES_ERROR;
				CLANG_WARN_QUOTED_INCLUDE_IN_FRAMEWORK_HEADER = YES;
				CLANG_WARN_RANGE_LOOP_ANALYSIS = YES;
				CLANG_WARN_STRICT_PROTOTYPES = YES;
				CLANG_WARN_SUSPICIOUS_MOVE = YES;
				CLANG_WARN_UNGUARDED_AVAILABILITY = YES_AGGRESSIVE;
				CLANG_WARN_UNREACHABLE_CODE = YES;
				CLANG_WARN__DUPLICATE_METHOD_MATCH = YES;
				COPY_PHASE_STRIP = NO;
				DEBUG_INFORMATION_FORMAT = dwarf;
				ENABLE_STRICT_OBJC_MSGSEND = YES;
				ENABLE_TESTABILITY = YES;
				GCC_C_LANGUAGE_STANDARD = gnu11;
				GCC_DYNAMIC_NO_PIC = NO;
				GCC_NO_COMMON_BLOCKS = YES;
				GCC_OPTIMIZATION_LEVEL = 0;
				GCC_PREPROCESSOR_DEFINITIONS = (
					"DEBUG=1",
					"$(inherited)",
				);
				GCC_WARN_64_TO_32_BIT_CONVERSION = YES;
				GCC_WARN_ABOUT_RETURN_TYPE = YES_ERROR;
				GCC_WARN_UNDECLARED_SELECTOR = YES;
				GCC_WARN_UNINITIALIZED_AUTOS = YES_AGGRESSIVE;
				GCC_WARN_UNUSED_FUNCTION = YES;
				GCC_WARN_UNUSED_VARIABLE = YES;
				IPHONEOS_DEPLOYMENT_TARGET = 16.0;
				MTL_ENABLE_DEBUG_INFO = INCLUDE_SOURCE;
				MTL_FAST_MATH = YES;
				ONLY_ACTIVE_ARCH = YES;
				SDKROOT = iphoneos;
				SWIFT_ACTIVE_COMPILATION_CONDITIONS = DEBUG;
				SWIFT_OPTIMIZATION_LEVEL = "-Onone";
			};
			name = Debug;
		};
		9289539528EF29CF00EC9BFA /* Release */ = {
			isa = XCBuildConfiguration;
			buildSettings = {
				ALWAYS_SEARCH_USER_PATHS = NO;
				CLANG_ANALYZER_NONNULL = YES;
				CLANG_ANALYZER_NUMBER_OBJECT_CONVERSION = YES_AGGRESSIVE;
				CLANG_CXX_LANGUAGE_STANDARD = "gnu++20";
				CLANG_ENABLE_MODULES = YES;
				CLANG_ENABLE_OBJC_ARC = YES;
				CLANG_ENABLE_OBJC_WEAK = YES;
				CLANG_WARN_BLOCK_CAPTURE_AUTORELEASING = YES;
				CLANG_WARN_BOOL_CONVERSION = YES;
				CLANG_WARN_COMMA = YES;
				CLANG_WARN_CONSTANT_CONVERSION = YES;
				CLANG_WARN_DEPRECATED_OBJC_IMPLEMENTATIONS = YES;
				CLANG_WARN_DIRECT_OBJC_ISA_USAGE = YES_ERROR;
				CLANG_WARN_DOCUMENTATION_COMMENTS = YES;
				CLANG_WARN_EMPTY_BODY = YES;
				CLANG_WARN_ENUM_CONVERSION = YES;
				CLANG_WARN_INFINITE_RECURSION = YES;
				CLANG_WARN_INT_CONVERSION = YES;
				CLANG_WARN_NON_LITERAL_NULL_CONVERSION = YES;
				CLANG_WARN_OBJC_IMPLICIT_RETAIN_SELF = YES;
				CLANG_WARN_OBJC_LITERAL_CONVERSION = YES;
				CLANG_WARN_OBJC_ROOT_CLASS = YES_ERROR;
				CLANG_WARN_QUOTED_INCLUDE_IN_FRAMEWORK_HEADER = YES;
				CLANG_WARN_RANGE_LOOP_ANALYSIS = YES;
				CLANG_WARN_STRICT_PROTOTYPES = YES;
				CLANG_WARN_SUSPICIOUS_MOVE = YES;
				CLANG_WARN_UNGUARDED_AVAILABILITY = YES_AGGRESSIVE;
				CLANG_WARN_UNREACHABLE_CODE = YES;
				CLANG_WARN__DUPLICATE_METHOD_MATCH = YES;
				COPY_PHASE_STRIP = NO;
				DEBUG_INFORMATION_FORMAT = "dwarf-with-dsym";
				ENABLE_NS_ASSERTIONS = NO;
				ENABLE_STRICT_OBJC_MSGSEND = YES;
				GCC_C_LANGUAGE_STANDARD = gnu11;
				GCC_NO_COMMON_BLOCKS = YES;
				GCC_WARN_64_TO_32_BIT_CONVERSION = YES;
				GCC_WARN_ABOUT_RETURN_TYPE = YES_ERROR;
				GCC_WARN_UNDECLARED_SELECTOR = YES;
				GCC_WARN_UNINITIALIZED_AUTOS = YES_AGGRESSIVE;
				GCC_WARN_UNUSED_FUNCTION = YES;
				GCC_WARN_UNUSED_VARIABLE = YES;
				IPHONEOS_DEPLOYMENT_TARGET = 16.0;
				MTL_ENABLE_DEBUG_INFO = NO;
				MTL_FAST_MATH = YES;
				SDKROOT = iphoneos;
				SWIFT_COMPILATION_MODE = wholemodule;
				SWIFT_OPTIMIZATION_LEVEL = "-O";
				VALIDATE_PRODUCT = YES;
			};
			name = Release;
		};
		9289539728EF29CF00EC9BFA /* Debug */ = {
			isa = XCBuildConfiguration;
			buildSettings = {
				ASSETCATALOG_COMPILER_APPICON_NAME = AppIcon;
				ASSETCATALOG_COMPILER_GLOBAL_ACCENT_COLOR_NAME = AccentColor;
				CODE_SIGN_STYLE = Automatic;
				CURRENT_PROJECT_VERSION = 1;
				GENERATE_INFOPLIST_FILE = YES;
				INFOPLIST_FILE = Login/Info.plist;
				INFOPLIST_KEY_UIApplicationSupportsIndirectInputEvents = YES;
				INFOPLIST_KEY_UILaunchStoryboardName = LaunchScreen;
				INFOPLIST_KEY_UIMainStoryboardFile = Main;
				INFOPLIST_KEY_UISupportedInterfaceOrientations_iPad = "UIInterfaceOrientationPortrait UIInterfaceOrientationPortraitUpsideDown UIInterfaceOrientationLandscapeLeft UIInterfaceOrientationLandscapeRight";
				INFOPLIST_KEY_UISupportedInterfaceOrientations_iPhone = "UIInterfaceOrientationPortrait UIInterfaceOrientationLandscapeLeft UIInterfaceOrientationLandscapeRight";
				LD_RUNPATH_SEARCH_PATHS = (
					"$(inherited)",
					"@executable_path/Frameworks",
				);
				MARKETING_VERSION = 1.0;
				PRODUCT_BUNDLE_IDENTIFIER = com.zach.Login;
				PRODUCT_NAME = "$(TARGET_NAME)";
				SWIFT_EMIT_LOC_STRINGS = YES;
				SWIFT_VERSION = 5.0;
				TARGETED_DEVICE_FAMILY = "1,2";
			};
			name = Debug;
		};
		9289539828EF29CF00EC9BFA /* Release */ = {
			isa = XCBuildConfiguration;
			buildSettings = {
				ASSETCATALOG_COMPILER_APPICON_NAME = AppIcon;
				ASSETCATALOG_COMPILER_GLOBAL_ACCENT_COLOR_NAME = AccentColor;
				CODE_SIGN_STYLE = Automatic;
				CURRENT_PROJECT_VERSION = 1;
				GENERATE_INFOPLIST_FILE = YES;
				INFOPLIST_FILE = Login/Info.plist;
				INFOPLIST_KEY_UIApplicationSupportsIndirectInputEvents = YES;
				INFOPLIST_KEY_UILaunchStoryboardName = LaunchScreen;
				INFOPLIST_KEY_UIMainStoryboardFile = Main;
				INFOPLIST_KEY_UISupportedInterfaceOrientations_iPad = "UIInterfaceOrientationPortrait UIInterfaceOrientationPortraitUpsideDown UIInterfaceOrientationLandscapeLeft UIInterfaceOrientationLandscapeRight";
				INFOPLIST_KEY_UISupportedInterfaceOrientations_iPhone = "UIInterfaceOrientationPortrait UIInterfaceOrientationLandscapeLeft UIInterfaceOrientationLandscapeRight";
				LD_RUNPATH_SEARCH_PATHS = (
					"$(inherited)",
					"@executable_path/Frameworks",
				);
				MARKETING_VERSION = 1.0;
				PRODUCT_BUNDLE_IDENTIFIER = com.zach.Login;
				PRODUCT_NAME = "$(TARGET_NAME)";
				SWIFT_EMIT_LOC_STRINGS = YES;
				SWIFT_VERSION = 5.0;
				TARGETED_DEVICE_FAMILY = "1,2";
			};
			name = Release;
		};
		9289539A28EF29CF00EC9BFA /* Debug */ = {
			isa = XCBuildConfiguration;
			buildSettings = {
				ALWAYS_EMBED_SWIFT_STANDARD_LIBRARIES = YES;
				BUNDLE_LOADER = "$(TEST_HOST)";
				CODE_SIGN_STYLE = Automatic;
				CURRENT_PROJECT_VERSION = 1;
				GENERATE_INFOPLIST_FILE = YES;
				IPHONEOS_DEPLOYMENT_TARGET = 16.0;
				MARKETING_VERSION = 1.0;
				PRODUCT_BUNDLE_IDENTIFIER = com.zach.LoginTests;
				PRODUCT_NAME = "$(TARGET_NAME)";
				SWIFT_EMIT_LOC_STRINGS = NO;
				SWIFT_VERSION = 5.0;
				TARGETED_DEVICE_FAMILY = "1,2";
				TEST_HOST = "$(BUILT_PRODUCTS_DIR)/Login.app/$(BUNDLE_EXECUTABLE_FOLDER_PATH)/Login";
			};
			name = Debug;
		};
		9289539B28EF29CF00EC9BFA /* Release */ = {
			isa = XCBuildConfiguration;
			buildSettings = {
				ALWAYS_EMBED_SWIFT_STANDARD_LIBRARIES = YES;
				BUNDLE_LOADER = "$(TEST_HOST)";
				CODE_SIGN_STYLE = Automatic;
				CURRENT_PROJECT_VERSION = 1;
				GENERATE_INFOPLIST_FILE = YES;
				IPHONEOS_DEPLOYMENT_TARGET = 16.0;
				MARKETING_VERSION = 1.0;
				PRODUCT_BUNDLE_IDENTIFIER = com.zach.LoginTests;
				PRODUCT_NAME = "$(TARGET_NAME)";
				SWIFT_EMIT_LOC_STRINGS = NO;
				SWIFT_VERSION = 5.0;
				TARGETED_DEVICE_FAMILY = "1,2";
				TEST_HOST = "$(BUILT_PRODUCTS_DIR)/Login.app/$(BUNDLE_EXECUTABLE_FOLDER_PATH)/Login";
			};
			name = Release;
		};
		9289539D28EF29CF00EC9BFA /* Debug */ = {
			isa = XCBuildConfiguration;
			buildSettings = {
				ALWAYS_EMBED_SWIFT_STANDARD_LIBRARIES = YES;
				CODE_SIGN_STYLE = Automatic;
				CURRENT_PROJECT_VERSION = 1;
				GENERATE_INFOPLIST_FILE = YES;
				MARKETING_VERSION = 1.0;
				PRODUCT_BUNDLE_IDENTIFIER = com.zach.LoginUITests;
				PRODUCT_NAME = "$(TARGET_NAME)";
				SWIFT_EMIT_LOC_STRINGS = NO;
				SWIFT_VERSION = 5.0;
				TARGETED_DEVICE_FAMILY = "1,2";
				TEST_TARGET_NAME = Login;
			};
			name = Debug;
		};
		9289539E28EF29CF00EC9BFA /* Release */ = {
			isa = XCBuildConfiguration;
			buildSettings = {
				ALWAYS_EMBED_SWIFT_STANDARD_LIBRARIES = YES;
				CODE_SIGN_STYLE = Automatic;
				CURRENT_PROJECT_VERSION = 1;
				GENERATE_INFOPLIST_FILE = YES;
				MARKETING_VERSION = 1.0;
				PRODUCT_BUNDLE_IDENTIFIER = com.zach.LoginUITests;
				PRODUCT_NAME = "$(TARGET_NAME)";
				SWIFT_EMIT_LOC_STRINGS = NO;
				SWIFT_VERSION = 5.0;
				TARGETED_DEVICE_FAMILY = "1,2";
				TEST_TARGET_NAME = Login;
			};
			name = Release;
		};
/* End XCBuildConfiguration section */

/* Begin XCConfigurationList section */
		9289536728EF29CE00EC9BFA /* Build configuration list for PBXProject "Login" */ = {
			isa = XCConfigurationList;
			buildConfigurations = (
				9289539428EF29CF00EC9BFA /* Debug */,
				9289539528EF29CF00EC9BFA /* Release */,
			);
			defaultConfigurationIsVisible = 0;
			defaultConfigurationName = Release;
		};
		9289539628EF29CF00EC9BFA /* Build configuration list for PBXNativeTarget "Login" */ = {
			isa = XCConfigurationList;
			buildConfigurations = (
				9289539728EF29CF00EC9BFA /* Debug */,
				9289539828EF29CF00EC9BFA /* Release */,
			);
			defaultConfigurationIsVisible = 0;
			defaultConfigurationName = Release;
		};
		9289539928EF29CF00EC9BFA /* Build configuration list for PBXNativeTarget "LoginTests" */ = {
			isa = XCConfigurationList;
			buildConfigurations = (
				9289539A28EF29CF00EC9BFA /* Debug */,
				9289539B28EF29CF00EC9BFA /* Release */,
			);
			defaultConfigurationIsVisible = 0;
			defaultConfigurationName = Release;
		};
		9289539C28EF29CF00EC9BFA /* Build configuration list for PBXNativeTarget "LoginUITests" */ = {
			isa = XCConfigurationList;
			buildConfigurations = (
				9289539D28EF29CF00EC9BFA /* Debug */,
				9289539E28EF29CF00EC9BFA /* Release */,
			);
			defaultConfigurationIsVisible = 0;
			defaultConfigurationName = Release;
		};
/* End XCConfigurationList section */
	};
	rootObject = 9289536428EF29CE00EC9BFA /* Project object */;
}
