// !$*UTF8*$!
{
	archiveVersion = 1;
	classes = {
	};
	objectVersion = 56;
	objects = {

/* Begin PBXBuildFile section */
		926D8C5D28F12FEC00524662 /* AppDelegate.swift in Sources */ = {isa = PBXBuildFile; fileRef = 926D8C5C28F12FEC00524662 /* AppDelegate.swift */; };
		926D8C5F28F12FEC00524662 /* SceneDelegate.swift in Sources */ = {isa = PBXBuildFile; fileRef = 926D8C5E28F12FEC00524662 /* SceneDelegate.swift */; };
		926D8C6128F12FEC00524662 /* ViewController.swift in Sources */ = {isa = PBXBuildFile; fileRef = 926D8C6028F12FEC00524662 /* ViewController.swift */; };
		926D8C6428F12FEC00524662 /* Main.storyboard in Resources */ = {isa = PBXBuildFile; fileRef = 926D8C6228F12FEC00524662 /* Main.storyboard */; };
		926D8C6628F12FED00524662 /* Assets.xcassets in Resources */ = {isa = PBXBuildFile; fileRef = 926D8C6528F12FED00524662 /* Assets.xcassets */; };
		926D8C6928F12FED00524662 /* LaunchScreen.storyboard in Resources */ = {isa = PBXBuildFile; fileRef = 926D8C6728F12FED00524662 /* LaunchScreen.storyboard */; };
		926D8C7428F12FED00524662 /* YearLongProjectTests.swift in Sources */ = {isa = PBXBuildFile; fileRef = 926D8C7328F12FED00524662 /* YearLongProjectTests.swift */; };
		926D8C7E28F12FED00524662 /* YearLongProjectUITests.swift in Sources */ = {isa = PBXBuildFile; fileRef = 926D8C7D28F12FED00524662 /* YearLongProjectUITests.swift */; };
		926D8C8028F12FED00524662 /* YearLongProjectUITestsLaunchTests.swift in Sources */ = {isa = PBXBuildFile; fileRef = 926D8C7F28F12FED00524662 /* YearLongProjectUITestsLaunchTests.swift */; };
		92AEA24A2927D76000E88C58 /* Post.swift in Sources */ = {isa = PBXBuildFile; fileRef = 92AEA2492927D76000E88C58 /* Post.swift */; };
		92AEA24C2927D7DC00E88C58 /* PostsTableViewController.swift in Sources */ = {isa = PBXBuildFile; fileRef = 92AEA24B2927D7DC00E88C58 /* PostsTableViewController.swift */; };
		92AEA24E2927D82F00E88C58 /* PostsTableViewCell.swift in Sources */ = {isa = PBXBuildFile; fileRef = 92AEA24D2927D82F00E88C58 /* PostsTableViewCell.swift */; };
/* End PBXBuildFile section */

/* Begin PBXContainerItemProxy section */
		926D8C7028F12FED00524662 /* PBXContainerItemProxy */ = {
			isa = PBXContainerItemProxy;
			containerPortal = 926D8C5128F12FEC00524662 /* Project object */;
			proxyType = 1;
			remoteGlobalIDString = 926D8C5828F12FEC00524662;
			remoteInfo = YearLongProject;
		};
		926D8C7A28F12FED00524662 /* PBXContainerItemProxy */ = {
			isa = PBXContainerItemProxy;
			containerPortal = 926D8C5128F12FEC00524662 /* Project object */;
			proxyType = 1;
			remoteGlobalIDString = 926D8C5828F12FEC00524662;
			remoteInfo = YearLongProject;
		};
/* End PBXContainerItemProxy section */

/* Begin PBXFileReference section */
		926D8C5928F12FEC00524662 /* YearLongProject.app */ = {isa = PBXFileReference; explicitFileType = wrapper.application; includeInIndex = 0; path = YearLongProject.app; sourceTree = BUILT_PRODUCTS_DIR; };
		926D8C5C28F12FEC00524662 /* AppDelegate.swift */ = {isa = PBXFileReference; lastKnownFileType = sourcecode.swift; path = AppDelegate.swift; sourceTree = "<group>"; };
		926D8C5E28F12FEC00524662 /* SceneDelegate.swift */ = {isa = PBXFileReference; lastKnownFileType = sourcecode.swift; path = SceneDelegate.swift; sourceTree = "<group>"; };
		926D8C6028F12FEC00524662 /* ViewController.swift */ = {isa = PBXFileReference; lastKnownFileType = sourcecode.swift; path = ViewController.swift; sourceTree = "<group>"; };
		926D8C6328F12FEC00524662 /* Base */ = {isa = PBXFileReference; lastKnownFileType = file.storyboard; name = Base; path = Base.lproj/Main.storyboard; sourceTree = "<group>"; };
		926D8C6528F12FED00524662 /* Assets.xcassets */ = {isa = PBXFileReference; lastKnownFileType = folder.assetcatalog; path = Assets.xcassets; sourceTree = "<group>"; };
		926D8C6828F12FED00524662 /* Base */ = {isa = PBXFileReference; lastKnownFileType = file.storyboard; name = Base; path = Base.lproj/LaunchScreen.storyboard; sourceTree = "<group>"; };
		926D8C6A28F12FED00524662 /* Info.plist */ = {isa = PBXFileReference; lastKnownFileType = text.plist.xml; path = Info.plist; sourceTree = "<group>"; };
		926D8C6F28F12FED00524662 /* YearLongProjectTests.xctest */ = {isa = PBXFileReference; explicitFileType = wrapper.cfbundle; includeInIndex = 0; path = YearLongProjectTests.xctest; sourceTree = BUILT_PRODUCTS_DIR; };
		926D8C7328F12FED00524662 /* YearLongProjectTests.swift */ = {isa = PBXFileReference; lastKnownFileType = sourcecode.swift; path = YearLongProjectTests.swift; sourceTree = "<group>"; };
		926D8C7928F12FED00524662 /* YearLongProjectUITests.xctest */ = {isa = PBXFileReference; explicitFileType = wrapper.cfbundle; includeInIndex = 0; path = YearLongProjectUITests.xctest; sourceTree = BUILT_PRODUCTS_DIR; };
		926D8C7D28F12FED00524662 /* YearLongProjectUITests.swift */ = {isa = PBXFileReference; lastKnownFileType = sourcecode.swift; path = YearLongProjectUITests.swift; sourceTree = "<group>"; };
		926D8C7F28F12FED00524662 /* YearLongProjectUITestsLaunchTests.swift */ = {isa = PBXFileReference; lastKnownFileType = sourcecode.swift; path = YearLongProjectUITestsLaunchTests.swift; sourceTree = "<group>"; };
		92AEA2492927D76000E88C58 /* Post.swift */ = {isa = PBXFileReference; lastKnownFileType = sourcecode.swift; path = Post.swift; sourceTree = "<group>"; };
		92AEA24B2927D7DC00E88C58 /* PostsTableViewController.swift */ = {isa = PBXFileReference; lastKnownFileType = sourcecode.swift; path = PostsTableViewController.swift; sourceTree = "<group>"; };
		92AEA24D2927D82F00E88C58 /* PostsTableViewCell.swift */ = {isa = PBXFileReference; lastKnownFileType = sourcecode.swift; path = PostsTableViewCell.swift; sourceTree = "<group>"; };
/* End PBXFileReference section */

/* Begin PBXFrameworksBuildPhase section */
		926D8C5628F12FEC00524662 /* Frameworks */ = {
			isa = PBXFrameworksBuildPhase;
			buildActionMask = 2147483647;
			files = (
			);
			runOnlyForDeploymentPostprocessing = 0;
		};
		926D8C6C28F12FED00524662 /* Frameworks */ = {
			isa = PBXFrameworksBuildPhase;
			buildActionMask = 2147483647;
			files = (
			);
			runOnlyForDeploymentPostprocessing = 0;
		};
		926D8C7628F12FED00524662 /* Frameworks */ = {
			isa = PBXFrameworksBuildPhase;
			buildActionMask = 2147483647;
			files = (
			);
			runOnlyForDeploymentPostprocessing = 0;
		};
/* End PBXFrameworksBuildPhase section */

/* Begin PBXGroup section */
		926D8C5028F12FEC00524662 = {
			isa = PBXGroup;
			children = (
				926D8C5B28F12FEC00524662 /* YearLongProject */,
				926D8C7228F12FED00524662 /* YearLongProjectTests */,
				926D8C7C28F12FED00524662 /* YearLongProjectUITests */,
				926D8C5A28F12FEC00524662 /* Products */,
			);
			sourceTree = "<group>";
		};
		926D8C5A28F12FEC00524662 /* Products */ = {
			isa = PBXGroup;
			children = (
				926D8C5928F12FEC00524662 /* YearLongProject.app */,
				926D8C6F28F12FED00524662 /* YearLongProjectTests.xctest */,
				926D8C7928F12FED00524662 /* YearLongProjectUITests.xctest */,
			);
			name = Products;
			sourceTree = "<group>";
		};
		926D8C5B28F12FEC00524662 /* YearLongProject */ = {
			isa = PBXGroup;
			children = (
				926D8C5C28F12FEC00524662 /* AppDelegate.swift */,
				926D8C5E28F12FEC00524662 /* SceneDelegate.swift */,
				92AEA2492927D76000E88C58 /* Post.swift */,
				926D8C6028F12FEC00524662 /* ViewController.swift */,
				92AEA24D2927D82F00E88C58 /* PostsTableViewCell.swift */,
				92AEA24B2927D7DC00E88C58 /* PostsTableViewController.swift */,
				926D8C6228F12FEC00524662 /* Main.storyboard */,
				926D8C6528F12FED00524662 /* Assets.xcassets */,
				926D8C6728F12FED00524662 /* LaunchScreen.storyboard */,
				926D8C6A28F12FED00524662 /* Info.plist */,
			);
			path = YearLongProject;
			sourceTree = "<group>";
		};
		926D8C7228F12FED00524662 /* YearLongProjectTests */ = {
			isa = PBXGroup;
			children = (
				926D8C7328F12FED00524662 /* YearLongProjectTests.swift */,
			);
			path = YearLongProjectTests;
			sourceTree = "<group>";
		};
		926D8C7C28F12FED00524662 /* YearLongProjectUITests */ = {
			isa = PBXGroup;
			children = (
				926D8C7D28F12FED00524662 /* YearLongProjectUITests.swift */,
				926D8C7F28F12FED00524662 /* YearLongProjectUITestsLaunchTests.swift */,
			);
			path = YearLongProjectUITests;
			sourceTree = "<group>";
		};
/* End PBXGroup section */

/* Begin PBXNativeTarget section */
		926D8C5828F12FEC00524662 /* YearLongProject */ = {
			isa = PBXNativeTarget;
			buildConfigurationList = 926D8C8328F12FED00524662 /* Build configuration list for PBXNativeTarget "YearLongProject" */;
			buildPhases = (
				926D8C5528F12FEC00524662 /* Sources */,
				926D8C5628F12FEC00524662 /* Frameworks */,
				926D8C5728F12FEC00524662 /* Resources */,
			);
			buildRules = (
			);
			dependencies = (
			);
			name = YearLongProject;
			productName = YearLongProject;
			productReference = 926D8C5928F12FEC00524662 /* YearLongProject.app */;
			productType = "com.apple.product-type.application";
		};
		926D8C6E28F12FED00524662 /* YearLongProjectTests */ = {
			isa = PBXNativeTarget;
			buildConfigurationList = 926D8C8628F12FED00524662 /* Build configuration list for PBXNativeTarget "YearLongProjectTests" */;
			buildPhases = (
				926D8C6B28F12FED00524662 /* Sources */,
				926D8C6C28F12FED00524662 /* Frameworks */,
				926D8C6D28F12FED00524662 /* Resources */,
			);
			buildRules = (
			);
			dependencies = (
				926D8C7128F12FED00524662 /* PBXTargetDependency */,
			);
			name = YearLongProjectTests;
			productName = YearLongProjectTests;
			productReference = 926D8C6F28F12FED00524662 /* YearLongProjectTests.xctest */;
			productType = "com.apple.product-type.bundle.unit-test";
		};
		926D8C7828F12FED00524662 /* YearLongProjectUITests */ = {
			isa = PBXNativeTarget;
			buildConfigurationList = 926D8C8928F12FED00524662 /* Build configuration list for PBXNativeTarget "YearLongProjectUITests" */;
			buildPhases = (
				926D8C7528F12FED00524662 /* Sources */,
				926D8C7628F12FED00524662 /* Frameworks */,
				926D8C7728F12FED00524662 /* Resources */,
			);
			buildRules = (
			);
			dependencies = (
				926D8C7B28F12FED00524662 /* PBXTargetDependency */,
			);
			name = YearLongProjectUITests;
			productName = YearLongProjectUITests;
			productReference = 926D8C7928F12FED00524662 /* YearLongProjectUITests.xctest */;
			productType = "com.apple.product-type.bundle.ui-testing";
		};
/* End PBXNativeTarget section */

/* Begin PBXProject section */
		926D8C5128F12FEC00524662 /* Project object */ = {
			isa = PBXProject;
			attributes = {
				BuildIndependentTargetsInParallel = 1;
				LastSwiftUpdateCheck = 1400;
				LastUpgradeCheck = 1400;
				TargetAttributes = {
					926D8C5828F12FEC00524662 = {
						CreatedOnToolsVersion = 14.0.1;
					};
					926D8C6E28F12FED00524662 = {
						CreatedOnToolsVersion = 14.0.1;
						TestTargetID = 926D8C5828F12FEC00524662;
					};
					926D8C7828F12FED00524662 = {
						CreatedOnToolsVersion = 14.0.1;
						TestTargetID = 926D8C5828F12FEC00524662;
					};
				};
			};
			buildConfigurationList = 926D8C5428F12FEC00524662 /* Build configuration list for PBXProject "YearLongProject" */;
			compatibilityVersion = "Xcode 14.0";
			developmentRegion = en;
			hasScannedForEncodings = 0;
			knownRegions = (
				en,
				Base,
			);
			mainGroup = 926D8C5028F12FEC00524662;
			productRefGroup = 926D8C5A28F12FEC00524662 /* Products */;
			projectDirPath = "";
			projectRoot = "";
			targets = (
				926D8C5828F12FEC00524662 /* YearLongProject */,
				926D8C6E28F12FED00524662 /* YearLongProjectTests */,
				926D8C7828F12FED00524662 /* YearLongProjectUITests */,
			);
		};
/* End PBXProject section */

/* Begin PBXResourcesBuildPhase section */
		926D8C5728F12FEC00524662 /* Resources */ = {
			isa = PBXResourcesBuildPhase;
			buildActionMask = 2147483647;
			files = (
				926D8C6928F12FED00524662 /* LaunchScreen.storyboard in Resources */,
				926D8C6628F12FED00524662 /* Assets.xcassets in Resources */,
				926D8C6428F12FEC00524662 /* Main.storyboard in Resources */,
			);
			runOnlyForDeploymentPostprocessing = 0;
		};
		926D8C6D28F12FED00524662 /* Resources */ = {
			isa = PBXResourcesBuildPhase;
			buildActionMask = 2147483647;
			files = (
			);
			runOnlyForDeploymentPostprocessing = 0;
		};
		926D8C7728F12FED00524662 /* Resources */ = {
			isa = PBXResourcesBuildPhase;
			buildActionMask = 2147483647;
			files = (
			);
			runOnlyForDeploymentPostprocessing = 0;
		};
/* End PBXResourcesBuildPhase section */

/* Begin PBXSourcesBuildPhase section */
		926D8C5528F12FEC00524662 /* Sources */ = {
			isa = PBXSourcesBuildPhase;
			buildActionMask = 2147483647;
			files = (
				926D8C6128F12FEC00524662 /* ViewController.swift in Sources */,
				926D8C5D28F12FEC00524662 /* AppDelegate.swift in Sources */,
				926D8C5F28F12FEC00524662 /* SceneDelegate.swift in Sources */,
				92AEA24E2927D82F00E88C58 /* PostsTableViewCell.swift in Sources */,
				92AEA24A2927D76000E88C58 /* Post.swift in Sources */,
				92AEA24C2927D7DC00E88C58 /* PostsTableViewController.swift in Sources */,
			);
			runOnlyForDeploymentPostprocessing = 0;
		};
		926D8C6B28F12FED00524662 /* Sources */ = {
			isa = PBXSourcesBuildPhase;
			buildActionMask = 2147483647;
			files = (
				926D8C7428F12FED00524662 /* YearLongProjectTests.swift in Sources */,
			);
			runOnlyForDeploymentPostprocessing = 0;
		};
		926D8C7528F12FED00524662 /* Sources */ = {
			isa = PBXSourcesBuildPhase;
			buildActionMask = 2147483647;
			files = (
				926D8C7E28F12FED00524662 /* YearLongProjectUITests.swift in Sources */,
				926D8C8028F12FED00524662 /* YearLongProjectUITestsLaunchTests.swift in Sources */,
			);
			runOnlyForDeploymentPostprocessing = 0;
		};
/* End PBXSourcesBuildPhase section */

/* Begin PBXTargetDependency section */
		926D8C7128F12FED00524662 /* PBXTargetDependency */ = {
			isa = PBXTargetDependency;
			target = 926D8C5828F12FEC00524662 /* YearLongProject */;
			targetProxy = 926D8C7028F12FED00524662 /* PBXContainerItemProxy */;
		};
		926D8C7B28F12FED00524662 /* PBXTargetDependency */ = {
			isa = PBXTargetDependency;
			target = 926D8C5828F12FEC00524662 /* YearLongProject */;
			targetProxy = 926D8C7A28F12FED00524662 /* PBXContainerItemProxy */;
		};
/* End PBXTargetDependency section */

/* Begin PBXVariantGroup section */
		926D8C6228F12FEC00524662 /* Main.storyboard */ = {
			isa = PBXVariantGroup;
			children = (
				926D8C6328F12FEC00524662 /* Base */,
			);
			name = Main.storyboard;
			sourceTree = "<group>";
		};
		926D8C6728F12FED00524662 /* LaunchScreen.storyboard */ = {
			isa = PBXVariantGroup;
			children = (
				926D8C6828F12FED00524662 /* Base */,
			);
			name = LaunchScreen.storyboard;
			sourceTree = "<group>";
		};
/* End PBXVariantGroup section */

/* Begin XCBuildConfiguration section */
		926D8C8128F12FED00524662 /* Debug */ = {
			isa = XCBuildConfiguration;
			buildSettings = {
				ALWAYS_SEARCH_USER_PATHS = NO;
				CLANG_ANALYZER_NONNULL = YES;
				CLANG_ANALYZER_NUMBER_OBJECT_CONVERSION = YES_AGGRESSIVE;
				CLANG_CXX_LANGUAGE_STANDARD = "gnu++20";
				CLANG_ENABLE_MODULES = YES;
				CLANG_ENABLE_OBJC_ARC = YES;
				CLANG_ENABLE_OBJC_WEAK = YES;
				CLANG_WARN_BLOCK_CAPTURE_AUTORELEASING = YES;
				CLANG_WARN_BOOL_CONVERSION = YES;
				CLANG_WARN_COMMA = YES;
				CLANG_WARN_CONSTANT_CONVERSION = YES;
				CLANG_WARN_DEPRECATED_OBJC_IMPLEMENTATIONS = YES;
				CLANG_WARN_DIRECT_OBJC_ISA_USAGE = YES_ERROR;
				CLANG_WARN_DOCUMENTATION_COMMENTS = YES;
				CLANG_WARN_EMPTY_BODY = YES;
				CLANG_WARN_ENUM_CONVERSION = YES;
				CLANG_WARN_INFINITE_RECURSION = YES;
				CLANG_WARN_INT_CONVERSION = YES;
				CLANG_WARN_NON_LITERAL_NULL_CONVERSION = YES;
				CLANG_WARN_OBJC_IMPLICIT_RETAIN_SELF = YES;
				CLANG_WARN_OBJC_LITERAL_CONVERSION = YES;
				CLANG_WARN_OBJC_ROOT_CLASS = YES_ERROR;
				CLANG_WARN_QUOTED_INCLUDE_IN_FRAMEWORK_HEADER = YES;
				CLANG_WARN_RANGE_LOOP_ANALYSIS = YES;
				CLANG_WARN_STRICT_PROTOTYPES = YES;
				CLANG_WARN_SUSPICIOUS_MOVE = YES;
				CLANG_WARN_UNGUARDED_AVAILABILITY = YES_AGGRESSIVE;
				CLANG_WARN_UNREACHABLE_CODE = YES;
				CLANG_WARN__DUPLICATE_METHOD_MATCH = YES;
				COPY_PHASE_STRIP = NO;
				DEBUG_INFORMATION_FORMAT = dwarf;
				ENABLE_STRICT_OBJC_MSGSEND = YES;
				ENABLE_TESTABILITY = YES;
				GCC_C_LANGUAGE_STANDARD = gnu11;
				GCC_DYNAMIC_NO_PIC = NO;
				GCC_NO_COMMON_BLOCKS = YES;
				GCC_OPTIMIZATION_LEVEL = 0;
				GCC_PREPROCESSOR_DEFINITIONS = (
					"DEBUG=1",
					"$(inherited)",
				);
				GCC_WARN_64_TO_32_BIT_CONVERSION = YES;
				GCC_WARN_ABOUT_RETURN_TYPE = YES_ERROR;
				GCC_WARN_UNDECLARED_SELECTOR = YES;
				GCC_WARN_UNINITIALIZED_AUTOS = YES_AGGRESSIVE;
				GCC_WARN_UNUSED_FUNCTION = YES;
				GCC_WARN_UNUSED_VARIABLE = YES;
				IPHONEOS_DEPLOYMENT_TARGET = 16.0;
				MTL_ENABLE_DEBUG_INFO = INCLUDE_SOURCE;
				MTL_FAST_MATH = YES;
				ONLY_ACTIVE_ARCH = YES;
				SDKROOT = iphoneos;
				SWIFT_ACTIVE_COMPILATION_CONDITIONS = DEBUG;
				SWIFT_OPTIMIZATION_LEVEL = "-Onone";
			};
			name = Debug;
		};
		926D8C8228F12FED00524662 /* Release */ = {
			isa = XCBuildConfiguration;
			buildSettings = {
				ALWAYS_SEARCH_USER_PATHS = NO;
				CLANG_ANALYZER_NONNULL = YES;
				CLANG_ANALYZER_NUMBER_OBJECT_CONVERSION = YES_AGGRESSIVE;
				CLANG_CXX_LANGUAGE_STANDARD = "gnu++20";
				CLANG_ENABLE_MODULES = YES;
				CLANG_ENABLE_OBJC_ARC = YES;
				CLANG_ENABLE_OBJC_WEAK = YES;
				CLANG_WARN_BLOCK_CAPTURE_AUTORELEASING = YES;
				CLANG_WARN_BOOL_CONVERSION = YES;
				CLANG_WARN_COMMA = YES;
				CLANG_WARN_CONSTANT_CONVERSION = YES;
				CLANG_WARN_DEPRECATED_OBJC_IMPLEMENTATIONS = YES;
				CLANG_WARN_DIRECT_OBJC_ISA_USAGE = YES_ERROR;
				CLANG_WARN_DOCUMENTATION_COMMENTS = YES;
				CLANG_WARN_EMPTY_BODY = YES;
				CLANG_WARN_ENUM_CONVERSION = YES;
				CLANG_WARN_INFINITE_RECURSION = YES;
				CLANG_WARN_INT_CONVERSION = YES;
				CLANG_WARN_NON_LITERAL_NULL_CONVERSION = YES;
				CLANG_WARN_OBJC_IMPLICIT_RETAIN_SELF = YES;
				CLANG_WARN_OBJC_LITERAL_CONVERSION = YES;
				CLANG_WARN_OBJC_ROOT_CLASS = YES_ERROR;
				CLANG_WARN_QUOTED_INCLUDE_IN_FRAMEWORK_HEADER = YES;
				CLANG_WARN_RANGE_LOOP_ANALYSIS = YES;
				CLANG_WARN_STRICT_PROTOTYPES = YES;
				CLANG_WARN_SUSPICIOUS_MOVE = YES;
				CLANG_WARN_UNGUARDED_AVAILABILITY = YES_AGGRESSIVE;
				CLANG_WARN_UNREACHABLE_CODE = YES;
				CLANG_WARN__DUPLICATE_METHOD_MATCH = YES;
				COPY_PHASE_STRIP = NO;
				DEBUG_INFORMATION_FORMAT = "dwarf-with-dsym";
				ENABLE_NS_ASSERTIONS = NO;
				ENABLE_STRICT_OBJC_MSGSEND = YES;
				GCC_C_LANGUAGE_STANDARD = gnu11;
				GCC_NO_COMMON_BLOCKS = YES;
				GCC_WARN_64_TO_32_BIT_CONVERSION = YES;
				GCC_WARN_ABOUT_RETURN_TYPE = YES_ERROR;
				GCC_WARN_UNDECLARED_SELECTOR = YES;
				GCC_WARN_UNINITIALIZED_AUTOS = YES_AGGRESSIVE;
				GCC_WARN_UNUSED_FUNCTION = YES;
				GCC_WARN_UNUSED_VARIABLE = YES;
				IPHONEOS_DEPLOYMENT_TARGET = 16.0;
				MTL_ENABLE_DEBUG_INFO = NO;
				MTL_FAST_MATH = YES;
				SDKROOT = iphoneos;
				SWIFT_COMPILATION_MODE = wholemodule;
				SWIFT_OPTIMIZATION_LEVEL = "-O";
				VALIDATE_PRODUCT = YES;
			};
			name = Release;
		};
		926D8C8428F12FED00524662 /* Debug */ = {
			isa = XCBuildConfiguration;
			buildSettings = {
				ASSETCATALOG_COMPILER_APPICON_NAME = AppIcon;
				ASSETCATALOG_COMPILER_GLOBAL_ACCENT_COLOR_NAME = AccentColor;
				CODE_SIGN_STYLE = Automatic;
				CURRENT_PROJECT_VERSION = 1;
				GENERATE_INFOPLIST_FILE = YES;
				INFOPLIST_FILE = YearLongProject/Info.plist;
				INFOPLIST_KEY_UIApplicationSupportsIndirectInputEvents = YES;
				INFOPLIST_KEY_UILaunchStoryboardName = LaunchScreen;
				INFOPLIST_KEY_UIMainStoryboardFile = Main;
				INFOPLIST_KEY_UISupportedInterfaceOrientations_iPad = "UIInterfaceOrientationPortrait UIInterfaceOrientationPortraitUpsideDown UIInterfaceOrientationLandscapeLeft UIInterfaceOrientationLandscapeRight";
				INFOPLIST_KEY_UISupportedInterfaceOrientations_iPhone = "UIInterfaceOrientationPortrait UIInterfaceOrientationLandscapeLeft UIInterfaceOrientationLandscapeRight";
				LD_RUNPATH_SEARCH_PATHS = (
					"$(inherited)",
					"@executable_path/Frameworks",
				);
				MARKETING_VERSION = 1.0;
				PRODUCT_BUNDLE_IDENTIFIER = com.zach.YearLongProject;
				PRODUCT_NAME = "$(TARGET_NAME)";
				SWIFT_EMIT_LOC_STRINGS = YES;
				SWIFT_VERSION = 5.0;
				TARGETED_DEVICE_FAMILY = "1,2";
			};
			name = Debug;
		};
		926D8C8528F12FED00524662 /* Release */ = {
			isa = XCBuildConfiguration;
			buildSettings = {
				ASSETCATALOG_COMPILER_APPICON_NAME = AppIcon;
				ASSETCATALOG_COMPILER_GLOBAL_ACCENT_COLOR_NAME = AccentColor;
				CODE_SIGN_STYLE = Automatic;
				CURRENT_PROJECT_VERSION = 1;
				GENERATE_INFOPLIST_FILE = YES;
				INFOPLIST_FILE = YearLongProject/Info.plist;
				INFOPLIST_KEY_UIApplicationSupportsIndirectInputEvents = YES;
				INFOPLIST_KEY_UILaunchStoryboardName = LaunchScreen;
				INFOPLIST_KEY_UIMainStoryboardFile = Main;
				INFOPLIST_KEY_UISupportedInterfaceOrientations_iPad = "UIInterfaceOrientationPortrait UIInterfaceOrientationPortraitUpsideDown UIInterfaceOrientationLandscapeLeft UIInterfaceOrientationLandscapeRight";
				INFOPLIST_KEY_UISupportedInterfaceOrientations_iPhone = "UIInterfaceOrientationPortrait UIInterfaceOrientationLandscapeLeft UIInterfaceOrientationLandscapeRight";
				LD_RUNPATH_SEARCH_PATHS = (
					"$(inherited)",
					"@executable_path/Frameworks",
				);
				MARKETING_VERSION = 1.0;
				PRODUCT_BUNDLE_IDENTIFIER = com.zach.YearLongProject;
				PRODUCT_NAME = "$(TARGET_NAME)";
				SWIFT_EMIT_LOC_STRINGS = YES;
				SWIFT_VERSION = 5.0;
				TARGETED_DEVICE_FAMILY = "1,2";
			};
			name = Release;
		};
		926D8C8728F12FED00524662 /* Debug */ = {
			isa = XCBuildConfiguration;
			buildSettings = {
				ALWAYS_EMBED_SWIFT_STANDARD_LIBRARIES = YES;
				BUNDLE_LOADER = "$(TEST_HOST)";
				CODE_SIGN_STYLE = Automatic;
				CURRENT_PROJECT_VERSION = 1;
				GENERATE_INFOPLIST_FILE = YES;
				IPHONEOS_DEPLOYMENT_TARGET = 16.0;
				MARKETING_VERSION = 1.0;
				PRODUCT_BUNDLE_IDENTIFIER = com.zach.YearLongProjectTests;
				PRODUCT_NAME = "$(TARGET_NAME)";
				SWIFT_EMIT_LOC_STRINGS = NO;
				SWIFT_VERSION = 5.0;
				TARGETED_DEVICE_FAMILY = "1,2";
				TEST_HOST = "$(BUILT_PRODUCTS_DIR)/YearLongProject.app/$(BUNDLE_EXECUTABLE_FOLDER_PATH)/YearLongProject";
			};
			name = Debug;
		};
		926D8C8828F12FED00524662 /* Release */ = {
			isa = XCBuildConfiguration;
			buildSettings = {
				ALWAYS_EMBED_SWIFT_STANDARD_LIBRARIES = YES;
				BUNDLE_LOADER = "$(TEST_HOST)";
				CODE_SIGN_STYLE = Automatic;
				CURRENT_PROJECT_VERSION = 1;
				GENERATE_INFOPLIST_FILE = YES;
				IPHONEOS_DEPLOYMENT_TARGET = 16.0;
				MARKETING_VERSION = 1.0;
				PRODUCT_BUNDLE_IDENTIFIER = com.zach.YearLongProjectTests;
				PRODUCT_NAME = "$(TARGET_NAME)";
				SWIFT_EMIT_LOC_STRINGS = NO;
				SWIFT_VERSION = 5.0;
				TARGETED_DEVICE_FAMILY = "1,2";
				TEST_HOST = "$(BUILT_PRODUCTS_DIR)/YearLongProject.app/$(BUNDLE_EXECUTABLE_FOLDER_PATH)/YearLongProject";
			};
			name = Release;
		};
		926D8C8A28F12FED00524662 /* Debug */ = {
			isa = XCBuildConfiguration;
			buildSettings = {
				ALWAYS_EMBED_SWIFT_STANDARD_LIBRARIES = YES;
				CODE_SIGN_STYLE = Automatic;
				CURRENT_PROJECT_VERSION = 1;
				GENERATE_INFOPLIST_FILE = YES;
				MARKETING_VERSION = 1.0;
				PRODUCT_BUNDLE_IDENTIFIER = com.zach.YearLongProjectUITests;
				PRODUCT_NAME = "$(TARGET_NAME)";
				SWIFT_EMIT_LOC_STRINGS = NO;
				SWIFT_VERSION = 5.0;
				TARGETED_DEVICE_FAMILY = "1,2";
				TEST_TARGET_NAME = YearLongProject;
			};
			name = Debug;
		};
		926D8C8B28F12FED00524662 /* Release */ = {
			isa = XCBuildConfiguration;
			buildSettings = {
				ALWAYS_EMBED_SWIFT_STANDARD_LIBRARIES = YES;
				CODE_SIGN_STYLE = Automatic;
				CURRENT_PROJECT_VERSION = 1;
				GENERATE_INFOPLIST_FILE = YES;
				MARKETING_VERSION = 1.0;
				PRODUCT_BUNDLE_IDENTIFIER = com.zach.YearLongProjectUITests;
				PRODUCT_NAME = "$(TARGET_NAME)";
				SWIFT_EMIT_LOC_STRINGS = NO;
				SWIFT_VERSION = 5.0;
				TARGETED_DEVICE_FAMILY = "1,2";
				TEST_TARGET_NAME = YearLongProject;
			};
			name = Release;
		};
/* End XCBuildConfiguration section */

/* Begin XCConfigurationList section */
		926D8C5428F12FEC00524662 /* Build configuration list for PBXProject "YearLongProject" */ = {
			isa = XCConfigurationList;
			buildConfigurations = (
				926D8C8128F12FED00524662 /* Debug */,
				926D8C8228F12FED00524662 /* Release */,
			);
			defaultConfigurationIsVisible = 0;
			defaultConfigurationName = Release;
		};
		926D8C8328F12FED00524662 /* Build configuration list for PBXNativeTarget "YearLongProject" */ = {
			isa = XCConfigurationList;
			buildConfigurations = (
				926D8C8428F12FED00524662 /* Debug */,
				926D8C8528F12FED00524662 /* Release */,
			);
			defaultConfigurationIsVisible = 0;
			defaultConfigurationName = Release;
		};
		926D8C8628F12FED00524662 /* Build configuration list for PBXNativeTarget "YearLongProjectTests" */ = {
			isa = XCConfigurationList;
			buildConfigurations = (
				926D8C8728F12FED00524662 /* Debug */,
				926D8C8828F12FED00524662 /* Release */,
			);
			defaultConfigurationIsVisible = 0;
			defaultConfigurationName = Release;
		};
		926D8C8928F12FED00524662 /* Build configuration list for PBXNativeTarget "YearLongProjectUITests" */ = {
			isa = XCConfigurationList;
			buildConfigurations = (
				926D8C8A28F12FED00524662 /* Debug */,
				926D8C8B28F12FED00524662 /* Release */,
			);
			defaultConfigurationIsVisible = 0;
			defaultConfigurationName = Release;
		};
/* End XCConfigurationList section */
	};
	rootObject = 926D8C5128F12FEC00524662 /* Project object */;
}
